<?xml version="1.0" encoding="utf-8"?>
<Project ToolsVersion="4.0" xmlns="http://schemas.microsoft.com/developer/msbuild/2003">
  <ItemGroup>
    <Filter Include="Source Files">
      <UniqueIdentifier>{4FC737F1-C7A5-4376-A066-2A32D752A2FF}</UniqueIdentifier>
      <Extensions>cpp;c;cc;cxx;def;odl;idl;hpj;bat;asm;asmx</Extensions>
    </Filter>
    <Filter Include="Header Files">
      <UniqueIdentifier>{93995380-89BD-4b04-88EB-625FBE52EBFB}</UniqueIdentifier>
      <Extensions>h;hh;hpp;hxx;hm;inl;inc;xsd</Extensions>
    </Filter>
    <Filter Include="Resource Files">
      <UniqueIdentifier>{67DA6AB6-F800-4c08-8B7A-83BB121AAD01}</UniqueIdentifier>
      <Extensions>rc;ico;cur;bmp;dlg;rc2;rct;bin;rgs;gif;jpg;jpeg;jpe;resx;tiff;tif;png;wav</Extensions>
    </Filter>
  </ItemGroup>
  <ItemGroup>
    <ClCompile Include="src\AcidSpit.cpp">
      <Filter>Source Files</Filter>
    </ClCompile>
    <ClCompile Include="src\AlphaOscillator.cpp">
      <Filter>Source Files</Filter>
    </ClCompile>
    <ClCompile Include="src\Audio.cpp">
      <Filter>Source Files</Filter>
    </ClCompile>
    <ClCompile Include="src\Background.cpp">
      <Filter>Source Files</Filter>
    </ClCompile>
    <ClCompile Include="src\BarrierManager.cpp">
      <Filter>Source Files</Filter>
    </ClCompile>
    <ClCompile Include="src\Bat.cpp">
      <Filter>Source Files</Filter>
    </ClCompile>
    <ClCompile Include="src\Blackhole.cpp">
      <Filter>Source Files</Filter>
    </ClCompile>
    <ClCompile Include="src\ClimbState.cpp">
      <Filter>Source Files</Filter>
    </ClCompile>
    <ClCompile Include="src\Crawler.cpp">
      <Filter>Source Files</Filter>
    </ClCompile>
    <ClCompile Include="src\DeathAnimation.cpp">
      <Filter>Source Files</Filter>
    </ClCompile>
    <ClCompile Include="src\DeathAnimator.cpp">
      <Filter>Source Files</Filter>
    </ClCompile>
    <ClCompile Include="src\DiveBat.cpp">
      <Filter>Source Files</Filter>
    </ClCompile>
    <ClCompile Include="src\Enemy.cpp">
      <Filter>Source Files</Filter>
    </ClCompile>
    <ClCompile Include="src\EnemyManager.cpp">
      <Filter>Source Files</Filter>
    </ClCompile>
    <ClCompile Include="src\EnemyProjectiles.cpp">
      <Filter>Source Files</Filter>
    </ClCompile>
    <ClCompile Include="src\EnergyBar.cpp">
      <Filter>Source Files</Filter>
    </ClCompile>
    <ClCompile Include="src\Entity.cpp">
      <Filter>Source Files</Filter>
    </ClCompile>
    <ClCompile Include="src\EventManager.cpp">
      <Filter>Source Files</Filter>
    </ClCompile>
    <ClCompile Include="src\FallState.cpp">
      <Filter>Source Files</Filter>
    </ClCompile>
    <ClCompile Include="src\Flame.cpp">
      <Filter>Source Files</Filter>
    </ClCompile>
    <ClCompile Include="src\FreezeRay.cpp">
      <Filter>Source Files</Filter>
    </ClCompile>
    <ClCompile Include="src\Game.cpp">
      <Filter>Source Files</Filter>
    </ClCompile>
    <ClCompile Include="src\GameOverState.cpp">
      <Filter>Source Files</Filter>
    </ClCompile>
    <ClCompile Include="src\GameWorld.cpp">
      <Filter>Source Files</Filter>
    </ClCompile>
    <ClCompile Include="src\GravEntity.cpp">
      <Filter>Source Files</Filter>
    </ClCompile>
    <ClCompile Include="src\GravityBomb.cpp">
      <Filter>Source Files</Filter>
    </ClCompile>
    <ClCompile Include="src\HUD.cpp">
      <Filter>Source Files</Filter>
    </ClCompile>
    <ClCompile Include="src\IceBlock.cpp">
      <Filter>Source Files</Filter>
    </ClCompile>
    <ClCompile Include="src\Input.cpp">
      <Filter>Source Files</Filter>
    </ClCompile>
    <ClCompile Include="src\JumpState.cpp">
      <Filter>Source Files</Filter>
    </ClCompile>
    <ClCompile Include="src\Laser.cpp">
      <Filter>Source Files</Filter>
    </ClCompile>
    <ClCompile Include="src\main.cpp">
      <Filter>Source Files</Filter>
    </ClCompile>
    <ClCompile Include="src\MainMenuState.cpp">
      <Filter>Source Files</Filter>
    </ClCompile>
    <ClCompile Include="src\MessageState.cpp">
      <Filter>Source Files</Filter>
    </ClCompile>
    <ClCompile Include="src\PatrollingSnake.cpp">
      <Filter>Source Files</Filter>
    </ClCompile>
    <ClCompile Include="src\Pickup.cpp">
      <Filter>Source Files</Filter>
    </ClCompile>
    <ClCompile Include="src\PickupManager.cpp">
      <Filter>Source Files</Filter>
    </ClCompile>
    <ClCompile Include="src\Player.cpp">
      <Filter>Source Files</Filter>
    </ClCompile>
    <ClCompile Include="src\PlayerProjectiles.cpp">
      <Filter>Source Files</Filter>
    </ClCompile>
    <ClCompile Include="src\PlayState.cpp">
      <Filter>Source Files</Filter>
    </ClCompile>
    <ClCompile Include="src\Snake.cpp">
      <Filter>Source Files</Filter>
    </ClCompile>
    <ClCompile Include="src\StandState.cpp">
      <Filter>Source Files</Filter>
    </ClCompile>
    <ClCompile Include="src\StationarySnake.cpp">
      <Filter>Source Files</Filter>
    </ClCompile>
    <ClCompile Include="src\Tile.cpp">
      <Filter>Source Files</Filter>
    </ClCompile>
    <ClCompile Include="src\TileMap.cpp">
      <Filter>Source Files</Filter>
    </ClCompile>
    <ClCompile Include="src\WaitBat.cpp">
      <Filter>Source Files</Filter>
    </ClCompile>
    <ClCompile Include="src\WalkState.cpp">
      <Filter>Source Files</Filter>
    </ClCompile>
    <ClCompile Include="src\WeaponPickup.cpp">
      <Filter>Source Files</Filter>
    </ClCompile>
    <ClCompile Include="src\Boss.cpp">
      <Filter>Source Files</Filter>
    </ClCompile>
    <ClCompile Include="src\BossSpit.cpp">
      <Filter>Source Files</Filter>
    </ClCompile>
  </ItemGroup>
  <ItemGroup>
    <ClInclude Include="include\AcidSpit.h">
      <Filter>Header Files</Filter>
    </ClInclude>
    <ClInclude Include="include\AlphaOscillator.h">
      <Filter>Header Files</Filter>
    </ClInclude>
    <ClInclude Include="include\Audio.h">
      <Filter>Header Files</Filter>
    </ClInclude>
    <ClInclude Include="include\Background.h">
      <Filter>Header Files</Filter>
    </ClInclude>
    <ClInclude Include="include\BarrierManager.h">
      <Filter>Header Files</Filter>
    </ClInclude>
    <ClInclude Include="include\Bat.h">
      <Filter>Header Files</Filter>
    </ClInclude>
    <ClInclude Include="include\Blackhole.h">
      <Filter>Header Files</Filter>
    </ClInclude>
    <ClInclude Include="include\ClimbState.h">
      <Filter>Header Files</Filter>
    </ClInclude>
    <ClInclude Include="include\Constants.h">
      <Filter>Header Files</Filter>
    </ClInclude>
    <ClInclude Include="include\Crawler.h">
      <Filter>Header Files</Filter>
    </ClInclude>
    <ClInclude Include="include\DeathAnimation.h">
      <Filter>Header Files</Filter>
    </ClInclude>
    <ClInclude Include="include\DeathAnimator.h">
      <Filter>Header Files</Filter>
    </ClInclude>
    <ClInclude Include="include\DiveBat.h">
      <Filter>Header Files</Filter>
    </ClInclude>
    <ClInclude Include="include\Enemy.h">
      <Filter>Header Files</Filter>
    </ClInclude>
    <ClInclude Include="include\EnemyManager.h">
      <Filter>Header Files</Filter>
    </ClInclude>
    <ClInclude Include="include\EnemyProjectiles.h">
      <Filter>Header Files</Filter>
    </ClInclude>
    <ClInclude Include="include\EnergyBar.h">
      <Filter>Header Files</Filter>
    </ClInclude>
    <ClInclude Include="include\Entity.h">
      <Filter>Header Files</Filter>
    </ClInclude>
    <ClInclude Include="include\Event.h">
      <Filter>Header Files</Filter>
    </ClInclude>
    <ClInclude Include="include\EventHandler.h">
      <Filter>Header Files</Filter>
    </ClInclude>
    <ClInclude Include="include\EventManager.h">
      <Filter>Header Files</Filter>
    </ClInclude>
    <ClInclude Include="include\FallState.h">
      <Filter>Header Files</Filter>
    </ClInclude>
    <ClInclude Include="include\Flame.h">
      <Filter>Header Files</Filter>
    </ClInclude>
    <ClInclude Include="include\FreezeRay.h">
      <Filter>Header Files</Filter>
    </ClInclude>
    <ClInclude Include="include\Game.h">
      <Filter>Header Files</Filter>
    </ClInclude>
    <ClInclude Include="include\GameOverState.h">
      <Filter>Header Files</Filter>
    </ClInclude>
    <ClInclude Include="include\GameState.h">
      <Filter>Header Files</Filter>
    </ClInclude>
    <ClInclude Include="include\GameWorld.h">
      <Filter>Header Files</Filter>
    </ClInclude>
    <ClInclude Include="include\GravEntity.h">
      <Filter>Header Files</Filter>
    </ClInclude>
    <ClInclude Include="include\GravityBomb.h">
      <Filter>Header Files</Filter>
    </ClInclude>
    <ClInclude Include="include\HUD.h">
      <Filter>Header Files</Filter>
    </ClInclude>
    <ClInclude Include="include\IceBlock.h">
      <Filter>Header Files</Filter>
    </ClInclude>
    <ClInclude Include="include\Input.h">
      <Filter>Header Files</Filter>
    </ClInclude>
    <ClInclude Include="include\JumpState.h">
      <Filter>Header Files</Filter>
    </ClInclude>
    <ClInclude Include="include\Laser.h">
      <Filter>Header Files</Filter>
    </ClInclude>
    <ClInclude Include="include\MainMenuState.h">
      <Filter>Header Files</Filter>
    </ClInclude>
    <ClInclude Include="include\MessageState.h">
      <Filter>Header Files</Filter>
    </ClInclude>
    <ClInclude Include="include\PatrollingSnake.h">
      <Filter>Header Files</Filter>
    </ClInclude>
    <ClInclude Include="include\Pickup.h">
      <Filter>Header Files</Filter>
    </ClInclude>
    <ClInclude Include="include\PickupManager.h">
      <Filter>Header Files</Filter>
    </ClInclude>
    <ClInclude Include="include\Player.h">
      <Filter>Header Files</Filter>
    </ClInclude>
    <ClInclude Include="include\PlayerProjectiles.h">
      <Filter>Header Files</Filter>
    </ClInclude>
    <ClInclude Include="include\PlayerState.h">
      <Filter>Header Files</Filter>
    </ClInclude>
    <ClInclude Include="include\PlayState.h">
      <Filter>Header Files</Filter>
    </ClInclude>
    <ClInclude Include="include\Snake.h">
      <Filter>Header Files</Filter>
    </ClInclude>
    <ClInclude Include="include\StandState.h">
      <Filter>Header Files</Filter>
    </ClInclude>
    <ClInclude Include="include\StationarySnake.h">
      <Filter>Header Files</Filter>
    </ClInclude>
    <ClInclude Include="include\Tile.h">
      <Filter>Header Files</Filter>
    </ClInclude>
    <ClInclude Include="include\TileMap.h">
      <Filter>Header Files</Filter>
    </ClInclude>
    <ClInclude Include="include\WaitBat.h">
      <Filter>Header Files</Filter>
    </ClInclude>
    <ClInclude Include="include\WalkState.h">
      <Filter>Header Files</Filter>
    </ClInclude>
    <ClInclude Include="include\WeaponPickup.h">
      <Filter>Header Files</Filter>
    </ClInclude>
    <ClInclude Include="include\Boss.h">
      <Filter>Header Files</Filter>
    </ClInclude>
    <ClInclude Include="include\BossSpit.h">
      <Filter>Header Files</Filter>
    </ClInclude>
  </ItemGroup>
  <ItemGroup>
    <Image Include="assets\bat.png">
      <Filter>Resource Files</Filter>
    </Image>
    <Image Include="assets\bkgd.png">
      <Filter>Resource Files</Filter>
    </Image>
    <Image Include="assets\blackhole.png">
      <Filter>Resource Files</Filter>
    </Image>
    <Image Include="assets\cave_bkgd.png">
      <Filter>Resource Files</Filter>
    </Image>
    <Image Include="assets\crawler.png">
      <Filter>Resource Files</Filter>
    </Image>
    <Image Include="assets\deaths.png">
      <Filter>Resource Files</Filter>
    </Image>
    <Image Include="assets\flame.png">
      <Filter>Resource Files</Filter>
    </Image>
    <Image Include="assets\freeze_ray.png">
      <Filter>Resource Files</Filter>
    </Image>
    <Image Include="assets\gravity.png">
      <Filter>Resource Files</Filter>
    </Image>
    <Image Include="assets\hbar.png">
      <Filter>Resource Files</Filter>
    </Image>
    <Image Include="assets\hp.png">
      <Filter>Resource Files</Filter>
    </Image>
    <Image Include="assets\iceblock.png">
      <Filter>Resource Files</Filter>
    </Image>
    <Image Include="assets\laser.png">
      <Filter>Resource Files</Filter>
    </Image>
    <Image Include="assets\screens.png">
      <Filter>Resource Files</Filter>
    </Image>
    <Image Include="assets\setsprite.png">
      <Filter>Resource Files</Filter>
    </Image>
    <Image Include="assets\SnakeEnemy.png">
      <Filter>Resource Files</Filter>
    </Image>
    <Image Include="assets\spit.png">
      <Filter>Resource Files</Filter>
    </Image>
    <Image Include="assets\tiles.png">
      <Filter>Resource Files</Filter>
    </Image>
    <Image Include="assets\weapons.png">
      <Filter>Resource Files</Filter>
    </Image>
    <Image Include="metroid_boss.png">
      <Filter>Resource Files</Filter>
    </Image>
  </ItemGroup>
  <ItemGroup>
    <Text Include="assets\bat.txt">
      <Filter>Resource Files</Filter>
    </Text>
    <Text Include="assets\crawler.txt">
      <Filter>Resource Files</Filter>
    </Text>
    <Text Include="assets\map1.txt">
      <Filter>Resource Files</Filter>
    </Text>
    <Text Include="assets\map2.txt">
      <Filter>Resource Files</Filter>
    </Text>
    <Text Include="assets\map3.txt">
      <Filter>Resource Files</Filter>
    </Text>
    <Text Include="assets\mapv.txt">
      <Filter>Resource Files</Filter>
    </Text>
    <Text Include="assets\snake.txt">
      <Filter>Resource Files</Filter>
    </Text>
    <Text Include="assets\world.txt">
      <Filter>Resource Files</Filter>
    </Text>
    <Text Include="assets\worldv.txt">
      <Filter>Resource Files</Filter>
    </Text>
  </ItemGroup>
  <ItemGroup>
    <Media Include="assets\big_death.wav">
      <Filter>Resource Files</Filter>
    </Media>
    <Media Include="assets\enemy_freeze.wav">
      <Filter>Resource Files</Filter>
    </Media>
    <Media Include="assets\enemy_hit.wav">
      <Filter>Resource Files</Filter>
    </Media>
    <Media Include="assets\enemy_shoot.wav">
      <Filter>Resource Files</Filter>
    </Media>
    <Media Include="assets\freeze_ray.wav">
      <Filter>Resource Files</Filter>
    </Media>
    <Media Include="assets\gb_implode.wav">
      <Filter>Resource Files</Filter>
    </Media>
    <Media Include="assets\get_weapon.wav">
      <Filter>Resource Files</Filter>
    </Media>
    <Media Include="assets\jump.wav">
      <Filter>Resource Files</Filter>
    </Media>
    <Media Include="assets\laser.wav">
      <Filter>Resource Files</Filter>
    </Media>
    <Media Include="assets\player_death.wav">
      <Filter>Resource Files</Filter>
    </Media>
    <Media Include="assets\player_heal.wav">
      <Filter>Resource Files</Filter>
    </Media>
    <Media Include="assets\player_hit.wav">
      <Filter>Resource Files</Filter>
    </Media>
    <Media Include="assets\player_pickup.wav">
      <Filter>Resource Files</Filter>
    </Media>
    <Media Include="assets\small_death.wav">
      <Filter>Resource Files</Filter>
    </Media>
    <Media Include="assets\title.wav">
      <Filter>Resource Files</Filter>
    </Media>
    <Media Include="assets\track1.wav">
      <Filter>Resource Files</Filter>
    </Media>
    <Media Include="assets\track2.wav">
      <Filter>Resource Files</Filter>
    </Media>
  </ItemGroup>
  <ItemGroup>
    <None Include="assets\libsndfile-1.dll">
      <Filter>Resource Files</Filter>
    </None>
    <None Include="assets\openal32.dll">
      <Filter>Resource Files</Filter>
    </None>
    <None Include="assets\sfml-audio-2.dll">
      <Filter>Resource Files</Filter>
    </None>
    <None Include="assets\sfml-audio-d-2.dll">
      <Filter>Resource Files</Filter>
    </None>
    <None Include="assets\sfml-graphics-2.dll">
      <Filter>Resource Files</Filter>
    </None>
    <None Include="assets\sfml-graphics-d-2.dll">
      <Filter>Resource Files</Filter>
    </None>
    <None Include="assets\sfml-network-2.dll">
      <Filter>Resource Files</Filter>
    </None>
    <None Include="assets\sfml-network-d-2.dll">
      <Filter>Resource Files</Filter>
    </None>
    <None Include="assets\sfml-system-2.dll">
      <Filter>Resource Files</Filter>
    </None>
    <None Include="assets\sfml-system-d-2.dll">
      <Filter>Resource Files</Filter>
    </None>
    <None Include="assets\sfml-window-2.dll">
      <Filter>Resource Files</Filter>
    </None>
    <None Include="assets\sfml-window-d-2.dll">
      <Filter>Resource Files</Filter>
    </None>
  </ItemGroup>
</Project>